// !$*UTF8*$!
{
	archiveVersion = 1;
	classes = {
	};
	objectVersion = 50;
	objects = {

/* Begin PBXBuildFile section */
		1929151024C8FDA700892E1B /* AppDelegate.swift in Sources */ = {isa = PBXBuildFile; fileRef = 1929150F24C8FDA700892E1B /* AppDelegate.swift */; };
		1929151224C8FDA700892E1B /* SceneDelegate.swift in Sources */ = {isa = PBXBuildFile; fileRef = 1929151124C8FDA700892E1B /* SceneDelegate.swift */; };
		1929151424C8FDA700892E1B /* ViewController.swift in Sources */ = {isa = PBXBuildFile; fileRef = 1929151324C8FDA700892E1B /* ViewController.swift */; };
		1929151724C8FDA700892E1B /* Main.storyboard in Resources */ = {isa = PBXBuildFile; fileRef = 1929151524C8FDA700892E1B /* Main.storyboard */; };
		1929151924C8FDA900892E1B /* Assets.xcassets in Resources */ = {isa = PBXBuildFile; fileRef = 1929151824C8FDA900892E1B /* Assets.xcassets */; };
		1929151C24C8FDA900892E1B /* LaunchScreen.storyboard in Resources */ = {isa = PBXBuildFile; fileRef = 1929151A24C8FDA900892E1B /* LaunchScreen.storyboard */; };
		19C1629F24CFC900005890ED /* TweetSentimentClassifer.mlmodel in Sources */ = {isa = PBXBuildFile; fileRef = 19C1629E24CFC900005890ED /* TweetSentimentClassifer.mlmodel */; };
/* End PBXBuildFile section */

/* Begin PBXFileReference section */
		1929150C24C8FDA700892E1B /* TwitterFeels.app */ = {isa = PBXFileReference; explicitFileType = wrapper.application; includeInIndex = 0; path = TwitterFeels.app; sourceTree = BUILT_PRODUCTS_DIR; };
		1929150F24C8FDA700892E1B /* AppDelegate.swift */ = {isa = PBXFileReference; lastKnownFileType = sourcecode.swift; path = AppDelegate.swift; sourceTree = "<group>"; };
		1929151124C8FDA700892E1B /* SceneDelegate.swift */ = {isa = PBXFileReference; lastKnownFileType = sourcecode.swift; path = SceneDelegate.swift; sourceTree = "<group>"; };
		1929151324C8FDA700892E1B /* ViewController.swift */ = {isa = PBXFileReference; lastKnownFileType = sourcecode.swift; path = ViewController.swift; sourceTree = "<group>"; };
		1929151624C8FDA700892E1B /* Base */ = {isa = PBXFileReference; lastKnownFileType = file.storyboard; name = Base; path = Base.lproj/Main.storyboard; sourceTree = "<group>"; };
		1929151824C8FDA900892E1B /* Assets.xcassets */ = {isa = PBXFileReference; lastKnownFileType = folder.assetcatalog; path = Assets.xcassets; sourceTree = "<group>"; };
		1929151B24C8FDA900892E1B /* Base */ = {isa = PBXFileReference; lastKnownFileType = file.storyboard; name = Base; path = Base.lproj/LaunchScreen.storyboard; sourceTree = "<group>"; };
		1929151D24C8FDA900892E1B /* Info.plist */ = {isa = PBXFileReference; lastKnownFileType = text.plist.xml; path = Info.plist; sourceTree = "<group>"; };
		19C1629E24CFC900005890ED /* TweetSentimentClassifer.mlmodel */ = {isa = PBXFileReference; lastKnownFileType = file.mlmodel; path = TweetSentimentClassifer.mlmodel; sourceTree = SOURCE_ROOT; };
/* End PBXFileReference section */

/* Begin PBXFrameworksBuildPhase section */
		1929150924C8FDA700892E1B /* Frameworks */ = {
			isa = PBXFrameworksBuildPhase;
			buildActionMask = 2147483647;
			files = (
			);
			runOnlyForDeploymentPostprocessing = 0;
		};
/* End PBXFrameworksBuildPhase section */

/* Begin PBXGroup section */
		1929150324C8FDA700892E1B = {
			isa = PBXGroup;
			children = (
				1929150E24C8FDA700892E1B /* TwitterFeels */,
				1929150D24C8FDA700892E1B /* Products */,
			);
			sourceTree = "<group>";
		};
		1929150D24C8FDA700892E1B /* Products */ = {
			isa = PBXGroup;
			children = (
				1929150C24C8FDA700892E1B /* TwitterFeels.app */,
			);
			name = Products;
			sourceTree = "<group>";
		};
		1929150E24C8FDA700892E1B /* TwitterFeels */ = {
			isa = PBXGroup;
			children = (
				1929150F24C8FDA700892E1B /* AppDelegate.swift */,
				1929151124C8FDA700892E1B /* SceneDelegate.swift */,
				1929151324C8FDA700892E1B /* ViewController.swift */,
				1929151524C8FDA700892E1B /* Main.storyboard */,
				1929151824C8FDA900892E1B /* Assets.xcassets */,
				1929151A24C8FDA900892E1B /* LaunchScreen.storyboard */,
				1929151D24C8FDA900892E1B /* Info.plist */,
				19C1629E24CFC900005890ED /* TweetSentimentClassifer.mlmodel */,
			);
			path = TwitterFeels;
			sourceTree = "<group>";
		};
/* End PBXGroup section */

/* Begin PBXNativeTarget section */
		1929150B24C8FDA700892E1B /* TwitterFeels */ = {
			isa = PBXNativeTarget;
			buildConfigurationList = 1929152024C8FDA900892E1B /* Build configuration list for PBXNativeTarget "TwitterFeels" */;
			buildPhases = (
				1929150824C8FDA700892E1B /* Sources */,
				1929150924C8FDA700892E1B /* Frameworks */,
				1929150A24C8FDA700892E1B /* Resources */,
			);
			buildRules = (
			);
			dependencies = (
			);
			name = TwitterFeels;
			productName = TwitterFeels;
			productReference = 1929150C24C8FDA700892E1B /* TwitterFeels.app */;
			productType = "com.apple.product-type.application";
		};
/* End PBXNativeTarget section */

/* Begin PBXProject section */
		1929150424C8FDA700892E1B /* Project object */ = {
			isa = PBXProject;
			attributes = {
				LastSwiftUpdateCheck = 1160;
				LastUpgradeCheck = 1160;
				ORGANIZATIONNAME = "Shawn Chandwani";
				TargetAttributes = {
					1929150B24C8FDA700892E1B = {
						CreatedOnToolsVersion = 11.6;
					};
				};
			};
			buildConfigurationList = 1929150724C8FDA700892E1B /* Build configuration list for PBXProject "TwitterFeels" */;
			compatibilityVersion = "Xcode 9.3";
			developmentRegion = en;
			hasScannedForEncodings = 0;
			knownRegions = (
				en,
				Base,
			);
			mainGroup = 1929150324C8FDA700892E1B;
			productRefGroup = 1929150D24C8FDA700892E1B /* Products */;
			projectDirPath = "";
			projectRoot = "";
			targets = (
				1929150B24C8FDA700892E1B /* TwitterFeels */,
			);
		};
/* End PBXProject section */

/* Begin PBXResourcesBuildPhase section */
		1929150A24C8FDA700892E1B /* Resources */ = {
			isa = PBXResourcesBuildPhase;
			buildActionMask = 2147483647;
			files = (
				1929151C24C8FDA900892E1B /* LaunchScreen.storyboard in Resources */,
				1929151924C8FDA900892E1B /* Assets.xcassets in Resources */,
				1929151724C8FDA700892E1B /* Main.storyboard in Resources */,
			);
			runOnlyForDeploymentPostprocessing = 0;
		};
/* End PBXResourcesBuildPhase section */

/* Begin PBXSourcesBuildPhase section */
		1929150824C8FDA700892E1B /* Sources */ = {
			isa = PBXSourcesBuildPhase;
			buildActionMask = 2147483647;
			files = (
				1929151424C8FDA700892E1B /* ViewController.swift in Sources */,
				1929151024C8FDA700892E1B /* AppDelegate.swift in Sources */,
				1929151224C8FDA700892E1B /* SceneDelegate.swift in Sources */,
				19C1629F24CFC900005890ED /* TweetSentimentClassifer.mlmodel in Sources */,
			);
			runOnlyForDeploymentPostprocessing = 0;
		};
/* End PBXSourcesBuildPhase section */

/* Begin PBXVariantGroup section */
		1929151524C8FDA700892E1B /* Main.storyboard */ = {
			isa = PBXVariantGroup;
			children = (
				1929151624C8FDA700892E1B /* Base */,
			);
			name = Main.storyboard;
			sourceTree = "<group>";
		};
		1929151A24C8FDA900892E1B /* LaunchScreen.storyboard */ = {
			isa = PBXVariantGroup;
			children = (
				1929151B24C8FDA900892E1B /* Base */,
			);
			name = LaunchScreen.storyboard;
			sourceTree = "<group>";
		};
/* End PBXVariantGroup section */

/* Begin XCBuildConfiguration section */
		1929151E24C8FDA900892E1B /* Debug */ = {
			isa = XCBuildConfiguration;
			buildSettings = {
				ALWAYS_SEARCH_USER_PATHS = NO;
				CLANG_ANALYZER_NONNULL = YES;
				CLANG_ANALYZER_NUMBER_OBJECT_CONVERSION = YES_AGGRESSIVE;
				CLANG_CXX_LANGUAGE_STANDARD = "gnu++14";
				CLANG_CXX_LIBRARY = "libc++";
				CLANG_ENABLE_MODULES = YES;
				CLANG_ENABLE_OBJC_ARC = YES;
				CLANG_ENABLE_OBJC_WEAK = YES;
				CLANG_WARN_BLOCK_CAPTURE_AUTORELEASING = YES;
				CLANG_WARN_BOOL_CONVERSION = YES;
				CLANG_WARN_COMMA = YES;
				CLANG_WARN_CONSTANT_CONVERSION = YES;
				CLANG_WARN_DEPRECATED_OBJC_IMPLEMENTATIONS = YES;
				CLANG_WARN_DIRECT_OBJC_ISA_USAGE = YES_ERROR;
				CLANG_WARN_DOCUMENTATION_COMMENTS = YES;
				CLANG_WARN_EMPTY_BODY = YES;
				CLANG_WARN_ENUM_CONVERSION = YES;
				CLANG_WARN_INFINITE_RECURSION = YES;
				CLANG_WARN_INT_CONVERSION = YES;
				CLANG_WARN_NON_LITERAL_NULL_CONVERSION = YES;
				CLANG_WARN_OBJC_IMPLICIT_RETAIN_SELF = YES;
				CLANG_WARN_OBJC_LITERAL_CONVERSION = YES;
				CLANG_WARN_OBJC_ROOT_CLASS = YES_ERROR;
				CLANG_WARN_RANGE_LOOP_ANALYSIS = YES;
				CLANG_WARN_STRICT_PROTOTYPES = YES;
				CLANG_WARN_SUSPICIOUS_MOVE = YES;
				CLANG_WARN_UNGUARDED_AVAILABILITY = YES_AGGRESSIVE;
				CLANG_WARN_UNREACHABLE_CODE = YES;
				CLANG_WARN__DUPLICATE_METHOD_MATCH = YES;
				COPY_PHASE_STRIP = NO;
				DEBUG_INFORMATION_FORMAT = dwarf;
				ENABLE_STRICT_OBJC_MSGSEND = YES;
				ENABLE_TESTABILITY = YES;
				GCC_C_LANGUAGE_STANDARD = gnu11;
				GCC_DYNAMIC_NO_PIC = NO;
				GCC_NO_COMMON_BLOCKS = YES;
				GCC_OPTIMIZATION_LEVEL = 0;
				GCC_PREPROCESSOR_DEFINITIONS = (
					"DEBUG=1",
					"$(inherited)",
				);
				GCC_WARN_64_TO_32_BIT_CONVERSION = YES;
				GCC_WARN_ABOUT_RETURN_TYPE = YES_ERROR;
				GCC_WARN_UNDECLARED_SELECTOR = YES;
				GCC_WARN_UNINITIALIZED_AUTOS = YES_AGGRESSIVE;
				GCC_WARN_UNUSED_FUNCTION = YES;
				GCC_WARN_UNUSED_VARIABLE = YES;
				IPHONEOS_DEPLOYMENT_TARGET = 13.6;
				MTL_ENABLE_DEBUG_INFO = INCLUDE_SOURCE;
				MTL_FAST_MATH = YES;
				ONLY_ACTIVE_ARCH = YES;
				SDKROOT = iphoneos;
				SWIFT_ACTIVE_COMPILATION_CONDITIONS = DEBUG;
				SWIFT_OPTIMIZATION_LEVEL = "-Onone";
			};
			name = Debug;
		};
		1929151F24C8FDA900892E1B /* Release */ = {
			isa = XCBuildConfiguration;
			buildSettings = {
				ALWAYS_SEARCH_USER_PATHS = NO;
				CLANG_ANALYZER_NONNULL = YES;
				CLANG_ANALYZER_NUMBER_OBJECT_CONVERSION = YES_AGGRESSIVE;
				CLANG_CXX_LANGUAGE_STANDARD = "gnu++14";
				CLANG_CXX_LIBRARY = "libc++";
				CLANG_ENABLE_MODULES = YES;
				CLANG_ENABLE_OBJC_ARC = YES;
				CLANG_ENABLE_OBJC_WEAK = YES;
				CLANG_WARN_BLOCK_CAPTURE_AUTORELEASING = YES;
				CLANG_WARN_BOOL_CONVERSION = YES;
				CLANG_WARN_COMMA = YES;
				CLANG_WARN_CONSTANT_CONVERSION = YES;
				CLANG_WARN_DEPRECATED_OBJC_IMPLEMENTATIONS = YES;
				CLANG_WARN_DIRECT_OBJC_ISA_USAGE = YES_ERROR;
				CLANG_WARN_DOCUMENTATION_COMMENTS = YES;
				CLANG_WARN_EMPTY_BODY = YES;
				CLANG_WARN_ENUM_CONVERSION = YES;
				CLANG_WARN_INFINITE_RECURSION = YES;
				CLANG_WARN_INT_CONVERSION = YES;
				CLANG_WARN_NON_LITERAL_NULL_CONVERSION = YES;
				CLANG_WARN_OBJC_IMPLICIT_RETAIN_SELF = YES;
				CLANG_WARN_OBJC_LITERAL_CONVERSION = YES;
				CLANG_WARN_OBJC_ROOT_CLASS = YES_ERROR;
				CLANG_WARN_RANGE_LOOP_ANALYSIS = YES;
				CLANG_WARN_STRICT_PROTOTYPES = YES;
				CLANG_WARN_SUSPICIOUS_MOVE = YES;
				CLANG_WARN_UNGUARDED_AVAILABILITY = YES_AGGRESSIVE;
				CLANG_WARN_UNREACHABLE_CODE = YES;
				CLANG_WARN__DUPLICATE_METHOD_MATCH = YES;
				COPY_PHASE_STRIP = NO;
				DEBUG_INFORMATION_FORMAT = "dwarf-with-dsym";
				ENABLE_NS_ASSERTIONS = NO;
				ENABLE_STRICT_OBJC_MSGSEND = YES;
				GCC_C_LANGUAGE_STANDARD = gnu11;
				GCC_NO_COMMON_BLOCKS = YES;
				GCC_WARN_64_TO_32_BIT_CONVERSION = YES;
				GCC_WARN_ABOUT_RETURN_TYPE = YES_ERROR;
				GCC_WARN_UNDECLARED_SELECTOR = YES;
				GCC_WARN_UNINITIALIZED_AUTOS = YES_AGGRESSIVE;
				GCC_WARN_UNUSED_FUNCTION = YES;
				GCC_WARN_UNUSED_VARIABLE = YES;
				IPHONEOS_DEPLOYMENT_TARGET = 13.6;
				MTL_ENABLE_DEBUG_INFO = NO;
				MTL_FAST_MATH = YES;
				SDKROOT = iphoneos;
				SWIFT_COMPILATION_MODE = wholemodule;
				SWIFT_OPTIMIZATION_LEVEL = "-O";
				VALIDATE_PRODUCT = YES;
			};
			name = Release;
		};
		1929152124C8FDA900892E1B /* Debug */ = {
			isa = XCBuildConfiguration;
			buildSettings = {
				ASSETCATALOG_COMPILER_APPICON_NAME = AppIcon;
				CODE_SIGN_STYLE = Automatic;
				DEVELOPMENT_TEAM = J42XNT27UZ;
				INFOPLIST_FILE = TwitterFeels/Info.plist;
				LD_RUNPATH_SEARCH_PATHS = (
					"$(inherited)",
					"@executable_path/Frameworks",
				);
				PRODUCT_BUNDLE_IDENTIFIER = com.ShawnChandwani.TwitterFeels;
				PRODUCT_NAME = "$(TARGET_NAME)";
				SWIFT_VERSION = 5.0;
				TARGETED_DEVICE_FAMILY = "1,2";
			};
			name = Debug;
		};
		1929152224C8FDA900892E1B /* Release */ = {
			isa = XCBuildConfiguration;
			buildSettings = {
				ASSETCATALOG_COMPILER_APPICON_NAME = AppIcon;
				CODE_SIGN_STYLE = Automatic;
				DEVELOPMENT_TEAM = J42XNT27UZ;
				INFOPLIST_FILE = TwitterFeels/Info.plist;
				LD_RUNPATH_SEARCH_PATHS = (
					"$(inherited)",
					"@executable_path/Frameworks",
				);
				PRODUCT_BUNDLE_IDENTIFIER = com.ShawnChandwani.TwitterFeels;
				PRODUCT_NAME = "$(TARGET_NAME)";
				SWIFT_VERSION = 5.0;
				TARGETED_DEVICE_FAMILY = "1,2";
			};
			name = Release;
		};
/* End XCBuildConfiguration section */

/* Begin XCConfigurationList section */
		1929150724C8FDA700892E1B /* Build configuration list for PBXProject "TwitterFeels" */ = {
			isa = XCConfigurationList;
			buildConfigurations = (
				1929151E24C8FDA900892E1B /* Debug */,
				1929151F24C8FDA900892E1B /* Release */,
			);
			defaultConfigurationIsVisible = 0;
			defaultConfigurationName = Release;
		};
		1929152024C8FDA900892E1B /* Build configuration list for PBXNativeTarget "TwitterFeels" */ = {
			isa = XCConfigurationList;
			buildConfigurations = (
				1929152124C8FDA900892E1B /* Debug */,
				1929152224C8FDA900892E1B /* Release */,
			);
			defaultConfigurationIsVisible = 0;
			defaultConfigurationName = Release;
		};
/* End XCConfigurationList section */
	};
	rootObject = 1929150424C8FDA700892E1B /* Project object */;
}
